Microsoft Visual Studio Solution File, Format Version 12.00
# Visual Studio Version 17
VisualStudioVersion = 17.5.2.0
MinimumVisualStudioVersion = 10.0.40219.1
Project("{FAE04EC0-301F-11D3-BF4B-00C04F79EFBC}") = "Exercise1", "Exercise1\Exercise1.csproj", "{6E6DA4CD-1D8E-F7F4-FE28-6D5D755692EE}"
EndProject
Global
	GlobalSection(SolutionConfigurationPlatforms) = preSolution
		Debug|Any CPU = Debug|Any CPU
		Release|Any CPU = Release|Any CPU
	EndGlobalSection
	GlobalSection(ProjectConfigurationPlatforms) = postSolution
		{6E6DA4CD-1D8E-F7F4-FE28-6D5D755692EE}.Debug|Any CPU.ActiveCfg = Debug|Any CPU
		{6E6DA4CD-1D8E-F7F4-FE28-6D5D755692EE}.Debug|Any CPU.Build.0 = Debug|Any CPU
		{6E6DA4CD-1D8E-F7F4-FE28-6D5D755692EE}.Release|Any CPU.ActiveCfg = Release|Any CPU
		{6E6DA4CD-1D8E-F7F4-FE28-6D5D755692EE}.Release|Any CPU.Build.0 = Release|Any CPU
	EndGlobalSection
	GlobalSection(SolutionProperties) = preSolution
		HideSolutionNode = FALSE
	EndGlobalSection
	GlobalSection(ExtensibilityGlobals) = postSolution
		SolutionGuid = {D18653C7-8214-483D-B95A-1056CF8BCE93}
	EndGlobalSection
EndGlobal
